
Microsoft Visual Studio Solution File, Format Version 12.00
# Visual Studio Version 16
VisualStudioVersion = 16.0.810.22
MinimumVisualStudioVersion = 10.0.40219.1
Project("{FAE04EC0-301F-11D3-BF4B-00C04F79EFBC}") = "Project_Aeries_Student_Information_System", "Aeries_Student_Information_System_Test_Automation\Project_Aeries_Student_Information_System.csproj", "{286950C5-7CD9-49BC-96B4-93D26F0CBF01}"
EndProject
Project("{FAE04EC0-301F-11D3-BF4B-00C04F79EFBC}") = "BDD_Aeries_Student_nformation_System_Aeries_Software", "BDD_Aeries_Student_nformation_System_Aeries_Software\BDD_Aeries_Student_nformation_System_Aeries_Software.csproj", "{62266FDE-1512-4043-90FD-AEBA3F742498}"
EndProject
Global
	GlobalSection(SolutionConfigurationPlatforms) = preSolution
		Debug|Any CPU = Debug|Any CPU
		Release|Any CPU = Release|Any CPU
	EndGlobalSection
	GlobalSection(ProjectConfigurationPlatforms) = postSolution
		{286950C5-7CD9-49BC-96B4-93D26F0CBF01}.Debug|Any CPU.ActiveCfg = Debug|Any CPU
		{286950C5-7CD9-49BC-96B4-93D26F0CBF01}.Debug|Any CPU.Build.0 = Debug|Any CPU
		{286950C5-7CD9-49BC-96B4-93D26F0CBF01}.Release|Any CPU.ActiveCfg = Release|Any CPU
		{286950C5-7CD9-49BC-96B4-93D26F0CBF01}.Release|Any CPU.Build.0 = Release|Any CPU
		{62266FDE-1512-4043-90FD-AEBA3F742498}.Debug|Any CPU.ActiveCfg = Debug|Any CPU
		{62266FDE-1512-4043-90FD-AEBA3F742498}.Debug|Any CPU.Build.0 = Debug|Any CPU
		{62266FDE-1512-4043-90FD-AEBA3F742498}.Release|Any CPU.ActiveCfg = Release|Any CPU
		{62266FDE-1512-4043-90FD-AEBA3F742498}.Release|Any CPU.Build.0 = Release|Any CPU
	EndGlobalSection
	GlobalSection(SolutionProperties) = preSolution
		HideSolutionNode = FALSE
	EndGlobalSection
	GlobalSection(ExtensibilityGlobals) = postSolution
		SolutionGuid = {D64BA7B3-8613-41FB-AFE1-218DCEE2B905}
	EndGlobalSection
EndGlobal
